
Microsoft Visual Studio Solution File, Format Version 12.00
# Visual Studio Version 17
VisualStudioVersion = 17.9.34723.18
MinimumVisualStudioVersion = 10.0.40219.1
Project("{2150E333-8FDC-42A3-9474-1A3956D46DE8}") = "src", "src", "{498080AB-276B-42F7-B754-4E09306F1143}"
EndProject
Project("{2150E333-8FDC-42A3-9474-1A3956D46DE8}") = "tests", "tests", "{81FB3E97-C42C-431E-AD68-E73E9BAA8997}"
EndProject
Project("{2150E333-8FDC-42A3-9474-1A3956D46DE8}") = "Core", "Core", "{9205796C-AEEB-46C8-A6C8-89B5ED2381DE}"
EndProject
Project("{FAE04EC0-301F-11D3-BF4B-00C04F79EFBC}") = "BlogApp.Domain", "src\Core\BlogApp.Domain\BlogApp.Domain.csproj", "{05BD6D78-D8C5-492A-8E81-BB27456A32F2}"
EndProject
Project("{FAE04EC0-301F-11D3-BF4B-00C04F79EFBC}") = "BlogApp.Application", "src\Core\BlogApp.Application\BlogApp.Application.csproj", "{4DF8CD38-7BF0-4503-BE96-16352B01202A}"
EndProject
Project("{2150E333-8FDC-42A3-9474-1A3956D46DE8}") = "Infrastructure", "Infrastructure", "{FACE7EF0-B014-4538-AC94-494F15E50E3B}"
EndProject
Project("{FAE04EC0-301F-11D3-BF4B-00C04F79EFBC}") = "BlogApp.Inrastructure", "src\Infrastructure\BlogApp.Inrastructure\BlogApp.Inrastructure.csproj", "{D86E30C1-AC85-4EE3-B764-AC3C5C38ACC5}"
EndProject
Project("{FAE04EC0-301F-11D3-BF4B-00C04F79EFBC}") = "BlogApp.Persistence", "src\Infrastructure\BlogApp.Persistence\BlogApp.Persistence.csproj", "{54F6A17B-FB76-4523-BB62-3C61D83FF0FB}"
EndProject
Project("{2150E333-8FDC-42A3-9474-1A3956D46DE8}") = "Presentation", "Presentation", "{A0EEFE6E-4AC6-4F76-944D-67777FAE9C15}"
EndProject
Project("{FAE04EC0-301F-11D3-BF4B-00C04F79EFBC}") = "BlogApp.API", "src\Presentation\BlogApp.API\BlogApp.API.csproj", "{B9B1E5E0-000E-4991-A639-5753A9ECF4E3}"
EndProject
Global
	GlobalSection(SolutionConfigurationPlatforms) = preSolution
		Debug|Any CPU = Debug|Any CPU
		Release|Any CPU = Release|Any CPU
	EndGlobalSection
	GlobalSection(ProjectConfigurationPlatforms) = postSolution
		{05BD6D78-D8C5-492A-8E81-BB27456A32F2}.Debug|Any CPU.ActiveCfg = Debug|Any CPU
		{05BD6D78-D8C5-492A-8E81-BB27456A32F2}.Debug|Any CPU.Build.0 = Debug|Any CPU
		{05BD6D78-D8C5-492A-8E81-BB27456A32F2}.Release|Any CPU.ActiveCfg = Release|Any CPU
		{05BD6D78-D8C5-492A-8E81-BB27456A32F2}.Release|Any CPU.Build.0 = Release|Any CPU
		{4DF8CD38-7BF0-4503-BE96-16352B01202A}.Debug|Any CPU.ActiveCfg = Debug|Any CPU
		{4DF8CD38-7BF0-4503-BE96-16352B01202A}.Debug|Any CPU.Build.0 = Debug|Any CPU
		{4DF8CD38-7BF0-4503-BE96-16352B01202A}.Release|Any CPU.ActiveCfg = Release|Any CPU
		{4DF8CD38-7BF0-4503-BE96-16352B01202A}.Release|Any CPU.Build.0 = Release|Any CPU
		{D86E30C1-AC85-4EE3-B764-AC3C5C38ACC5}.Debug|Any CPU.ActiveCfg = Debug|Any CPU
		{D86E30C1-AC85-4EE3-B764-AC3C5C38ACC5}.Debug|Any CPU.Build.0 = Debug|Any CPU
		{D86E30C1-AC85-4EE3-B764-AC3C5C38ACC5}.Release|Any CPU.ActiveCfg = Release|Any CPU
		{D86E30C1-AC85-4EE3-B764-AC3C5C38ACC5}.Release|Any CPU.Build.0 = Release|Any CPU
		{54F6A17B-FB76-4523-BB62-3C61D83FF0FB}.Debug|Any CPU.ActiveCfg = Debug|Any CPU
		{54F6A17B-FB76-4523-BB62-3C61D83FF0FB}.Debug|Any CPU.Build.0 = Debug|Any CPU
		{54F6A17B-FB76-4523-BB62-3C61D83FF0FB}.Release|Any CPU.ActiveCfg = Release|Any CPU
		{54F6A17B-FB76-4523-BB62-3C61D83FF0FB}.Release|Any CPU.Build.0 = Release|Any CPU
		{B9B1E5E0-000E-4991-A639-5753A9ECF4E3}.Debug|Any CPU.ActiveCfg = Debug|Any CPU
		{B9B1E5E0-000E-4991-A639-5753A9ECF4E3}.Debug|Any CPU.Build.0 = Debug|Any CPU
		{B9B1E5E0-000E-4991-A639-5753A9ECF4E3}.Release|Any CPU.ActiveCfg = Release|Any CPU
		{B9B1E5E0-000E-4991-A639-5753A9ECF4E3}.Release|Any CPU.Build.0 = Release|Any CPU
	EndGlobalSection
	GlobalSection(SolutionProperties) = preSolution
		HideSolutionNode = FALSE
	EndGlobalSection
	GlobalSection(NestedProjects) = preSolution
		{9205796C-AEEB-46C8-A6C8-89B5ED2381DE} = {498080AB-276B-42F7-B754-4E09306F1143}
		{05BD6D78-D8C5-492A-8E81-BB27456A32F2} = {9205796C-AEEB-46C8-A6C8-89B5ED2381DE}
		{4DF8CD38-7BF0-4503-BE96-16352B01202A} = {9205796C-AEEB-46C8-A6C8-89B5ED2381DE}
		{FACE7EF0-B014-4538-AC94-494F15E50E3B} = {498080AB-276B-42F7-B754-4E09306F1143}
		{D86E30C1-AC85-4EE3-B764-AC3C5C38ACC5} = {FACE7EF0-B014-4538-AC94-494F15E50E3B}
		{54F6A17B-FB76-4523-BB62-3C61D83FF0FB} = {FACE7EF0-B014-4538-AC94-494F15E50E3B}
		{A0EEFE6E-4AC6-4F76-944D-67777FAE9C15} = {498080AB-276B-42F7-B754-4E09306F1143}
		{B9B1E5E0-000E-4991-A639-5753A9ECF4E3} = {A0EEFE6E-4AC6-4F76-944D-67777FAE9C15}
	EndGlobalSection
	GlobalSection(ExtensibilityGlobals) = postSolution
		SolutionGuid = {7D8D53B8-2BA0-4837-84EB-B4714903E91A}
	EndGlobalSection
EndGlobal
